
Microsoft Visual Studio Solution File, Format Version 12.00
# Visual Studio Version 17
VisualStudioVersion = 17.4.33110.190
MinimumVisualStudioVersion = 10.0.40219.1
Project("{FAE04EC0-301F-11D3-BF4B-00C04F79EFBC}") = "4.3.11. array", "4.3.11. array\4.3.11. array.csproj", "{A9E414A8-B176-4567-8A0D-EC3F79B28323}"
EndProject
Global
	GlobalSection(SolutionConfigurationPlatforms) = preSolution
		Debug|Any CPU = Debug|Any CPU
		Release|Any CPU = Release|Any CPU
	EndGlobalSection
	GlobalSection(ProjectConfigurationPlatforms) = postSolution
		{A9E414A8-B176-4567-8A0D-EC3F79B28323}.Debug|Any CPU.ActiveCfg = Debug|Any CPU
		{A9E414A8-B176-4567-8A0D-EC3F79B28323}.Debug|Any CPU.Build.0 = Debug|Any CPU
		{A9E414A8-B176-4567-8A0D-EC3F79B28323}.Release|Any CPU.ActiveCfg = Release|Any CPU
		{A9E414A8-B176-4567-8A0D-EC3F79B28323}.Release|Any CPU.Build.0 = Release|Any CPU
	EndGlobalSection
	GlobalSection(SolutionProperties) = preSolution
		HideSolutionNode = FALSE
	EndGlobalSection
	GlobalSection(ExtensibilityGlobals) = postSolution
		SolutionGuid = {9F3DD181-864E-44AF-ACCE-7729BDC7DD5A}
	EndGlobalSection
EndGlobal
